// !$*UTF8*$!
{
	archiveVersion = 1;
	classes = {
	};
	objectVersion = 51;
	objects = {

/* Begin PBXBuildFile section */
		05D0A258BCE880C133AC6A9E /* Pods_WTKNetDemo.framework in Frameworks */ = {isa = PBXBuildFile; fileRef = F86E3956ED32A7FA8B4D102B /* Pods_WTKNetDemo.framework */; };
		F5B8E490232F2B00004E4148 /* AppDelegate.swift in Sources */ = {isa = PBXBuildFile; fileRef = F5B8E48F232F2B00004E4148 /* AppDelegate.swift */; };
		F5B8E492232F2B00004E4148 /* ViewController.swift in Sources */ = {isa = PBXBuildFile; fileRef = F5B8E491232F2B00004E4148 /* ViewController.swift */; };
		F5B8E495232F2B00004E4148 /* Main.storyboard in Resources */ = {isa = PBXBuildFile; fileRef = F5B8E493232F2B00004E4148 /* Main.storyboard */; };
		F5B8E497232F2B02004E4148 /* Assets.xcassets in Resources */ = {isa = PBXBuildFile; fileRef = F5B8E496232F2B02004E4148 /* Assets.xcassets */; };
		F5B8E49A232F2B02004E4148 /* LaunchScreen.storyboard in Resources */ = {isa = PBXBuildFile; fileRef = F5B8E498232F2B02004E4148 /* LaunchScreen.storyboard */; };
		F5B8E4A5232F2B02004E4148 /* WTKNetDemoTests.swift in Sources */ = {isa = PBXBuildFile; fileRef = F5B8E4A4232F2B02004E4148 /* WTKNetDemoTests.swift */; };
		F5B8E4B0232F2B02004E4148 /* WTKNetDemoUITests.swift in Sources */ = {isa = PBXBuildFile; fileRef = F5B8E4AF232F2B02004E4148 /* WTKNetDemoUITests.swift */; };
		F5B8E4BF232F2D1D004E4148 /* SocketViewController.swift in Sources */ = {isa = PBXBuildFile; fileRef = F5B8E4BD232F2D1D004E4148 /* SocketViewController.swift */; };
		F5B8E4C0232F2D1D004E4148 /* SocketViewController.xib in Resources */ = {isa = PBXBuildFile; fileRef = F5B8E4BE232F2D1D004E4148 /* SocketViewController.xib */; };
		F5E6FF792330B9F300525DE9 /* WTKSocketTool.swift in Sources */ = {isa = PBXBuildFile; fileRef = F5E6FF782330B9F300525DE9 /* WTKSocketTool.swift */; };
/* End PBXBuildFile section */

/* Begin PBXContainerItemProxy section */
		F5B8E4A1232F2B02004E4148 /* PBXContainerItemProxy */ = {
			isa = PBXContainerItemProxy;
			containerPortal = F5B8E484232F2B00004E4148 /* Project object */;
			proxyType = 1;
			remoteGlobalIDString = F5B8E48B232F2B00004E4148;
			remoteInfo = WTKNetDemo;
		};
		F5B8E4AC232F2B02004E4148 /* PBXContainerItemProxy */ = {
			isa = PBXContainerItemProxy;
			containerPortal = F5B8E484232F2B00004E4148 /* Project object */;
			proxyType = 1;
			remoteGlobalIDString = F5B8E48B232F2B00004E4148;
			remoteInfo = WTKNetDemo;
		};
/* End PBXContainerItemProxy section */

/* Begin PBXFileReference section */
		23C37C6899C327799444EE28 /* Pods-WTKNetDemo.release.xcconfig */ = {isa = PBXFileReference; includeInIndex = 1; lastKnownFileType = text.xcconfig; name = "Pods-WTKNetDemo.release.xcconfig"; path = "Target Support Files/Pods-WTKNetDemo/Pods-WTKNetDemo.release.xcconfig"; sourceTree = "<group>"; };
		928D94A4A8A70D05C98D3CC7 /* Pods-WTKNetDemo.debug.xcconfig */ = {isa = PBXFileReference; includeInIndex = 1; lastKnownFileType = text.xcconfig; name = "Pods-WTKNetDemo.debug.xcconfig"; path = "Target Support Files/Pods-WTKNetDemo/Pods-WTKNetDemo.debug.xcconfig"; sourceTree = "<group>"; };
		F5B8E48C232F2B00004E4148 /* WTKNetDemo.app */ = {isa = PBXFileReference; explicitFileType = wrapper.application; includeInIndex = 0; path = WTKNetDemo.app; sourceTree = BUILT_PRODUCTS_DIR; };
		F5B8E48F232F2B00004E4148 /* AppDelegate.swift */ = {isa = PBXFileReference; lastKnownFileType = sourcecode.swift; path = AppDelegate.swift; sourceTree = "<group>"; };
		F5B8E491232F2B00004E4148 /* ViewController.swift */ = {isa = PBXFileReference; lastKnownFileType = sourcecode.swift; path = ViewController.swift; sourceTree = "<group>"; };
		F5B8E494232F2B00004E4148 /* Base */ = {isa = PBXFileReference; lastKnownFileType = file.storyboard; name = Base; path = Base.lproj/Main.storyboard; sourceTree = "<group>"; };
		F5B8E496232F2B02004E4148 /* Assets.xcassets */ = {isa = PBXFileReference; lastKnownFileType = folder.assetcatalog; path = Assets.xcassets; sourceTree = "<group>"; };
		F5B8E499232F2B02004E4148 /* Base */ = {isa = PBXFileReference; lastKnownFileType = file.storyboard; name = Base; path = Base.lproj/LaunchScreen.storyboard; sourceTree = "<group>"; };
		F5B8E49B232F2B02004E4148 /* Info.plist */ = {isa = PBXFileReference; lastKnownFileType = text.plist.xml; path = Info.plist; sourceTree = "<group>"; };
		F5B8E4A0232F2B02004E4148 /* WTKNetDemoTests.xctest */ = {isa = PBXFileReference; explicitFileType = wrapper.cfbundle; includeInIndex = 0; path = WTKNetDemoTests.xctest; sourceTree = BUILT_PRODUCTS_DIR; };
		F5B8E4A4232F2B02004E4148 /* WTKNetDemoTests.swift */ = {isa = PBXFileReference; lastKnownFileType = sourcecode.swift; path = WTKNetDemoTests.swift; sourceTree = "<group>"; };
		F5B8E4A6232F2B02004E4148 /* Info.plist */ = {isa = PBXFileReference; lastKnownFileType = text.plist.xml; path = Info.plist; sourceTree = "<group>"; };
		F5B8E4AB232F2B02004E4148 /* WTKNetDemoUITests.xctest */ = {isa = PBXFileReference; explicitFileType = wrapper.cfbundle; includeInIndex = 0; path = WTKNetDemoUITests.xctest; sourceTree = BUILT_PRODUCTS_DIR; };
		F5B8E4AF232F2B02004E4148 /* WTKNetDemoUITests.swift */ = {isa = PBXFileReference; lastKnownFileType = sourcecode.swift; path = WTKNetDemoUITests.swift; sourceTree = "<group>"; };
		F5B8E4B1232F2B02004E4148 /* Info.plist */ = {isa = PBXFileReference; lastKnownFileType = text.plist.xml; path = Info.plist; sourceTree = "<group>"; };
		F5B8E4BD232F2D1D004E4148 /* SocketViewController.swift */ = {isa = PBXFileReference; lastKnownFileType = sourcecode.swift; path = SocketViewController.swift; sourceTree = "<group>"; };
		F5B8E4BE232F2D1D004E4148 /* SocketViewController.xib */ = {isa = PBXFileReference; lastKnownFileType = file.xib; path = SocketViewController.xib; sourceTree = "<group>"; };
		F5E6FF782330B9F300525DE9 /* WTKSocketTool.swift */ = {isa = PBXFileReference; lastKnownFileType = sourcecode.swift; path = WTKSocketTool.swift; sourceTree = "<group>"; };
		F86E3956ED32A7FA8B4D102B /* Pods_WTKNetDemo.framework */ = {isa = PBXFileReference; explicitFileType = wrapper.framework; includeInIndex = 0; path = Pods_WTKNetDemo.framework; sourceTree = BUILT_PRODUCTS_DIR; };
/* End PBXFileReference section */

/* Begin PBXFrameworksBuildPhase section */
		F5B8E489232F2B00004E4148 /* Frameworks */ = {
			isa = PBXFrameworksBuildPhase;
			buildActionMask = 2147483647;
			files = (
				05D0A258BCE880C133AC6A9E /* Pods_WTKNetDemo.framework in Frameworks */,
			);
			runOnlyForDeploymentPostprocessing = 0;
		};
		F5B8E49D232F2B02004E4148 /* Frameworks */ = {
			isa = PBXFrameworksBuildPhase;
			buildActionMask = 2147483647;
			files = (
			);
			runOnlyForDeploymentPostprocessing = 0;
		};
		F5B8E4A8232F2B02004E4148 /* Frameworks */ = {
			isa = PBXFrameworksBuildPhase;
			buildActionMask = 2147483647;
			files = (
			);
			runOnlyForDeploymentPostprocessing = 0;
		};
/* End PBXFrameworksBuildPhase section */

/* Begin PBXGroup section */
		25E9949818A0AF8A0D333368 /* Pods */ = {
			isa = PBXGroup;
			children = (
				928D94A4A8A70D05C98D3CC7 /* Pods-WTKNetDemo.debug.xcconfig */,
				23C37C6899C327799444EE28 /* Pods-WTKNetDemo.release.xcconfig */,
			);
			path = Pods;
			sourceTree = "<group>";
		};
		F5B8E483232F2B00004E4148 = {
			isa = PBXGroup;
			children = (
				F5B8E48E232F2B00004E4148 /* WTKNetDemo */,
				F5B8E4A3232F2B02004E4148 /* WTKNetDemoTests */,
				F5B8E4AE232F2B02004E4148 /* WTKNetDemoUITests */,
				F5B8E48D232F2B00004E4148 /* Products */,
				25E9949818A0AF8A0D333368 /* Pods */,
				F90FDBA41545CB8AFE20E2D3 /* Frameworks */,
			);
			sourceTree = "<group>";
		};
		F5B8E48D232F2B00004E4148 /* Products */ = {
			isa = PBXGroup;
			children = (
				F5B8E48C232F2B00004E4148 /* WTKNetDemo.app */,
				F5B8E4A0232F2B02004E4148 /* WTKNetDemoTests.xctest */,
				F5B8E4AB232F2B02004E4148 /* WTKNetDemoUITests.xctest */,
			);
			name = Products;
			sourceTree = "<group>";
		};
		F5B8E48E232F2B00004E4148 /* WTKNetDemo */ = {
			isa = PBXGroup;
			children = (
				F5E6FF782330B9F300525DE9 /* WTKSocketTool.swift */,
				F5B8E48F232F2B00004E4148 /* AppDelegate.swift */,
				F5B8E491232F2B00004E4148 /* ViewController.swift */,
				F5B8E4BD232F2D1D004E4148 /* SocketViewController.swift */,
				F5B8E4BE232F2D1D004E4148 /* SocketViewController.xib */,
				F5B8E493232F2B00004E4148 /* Main.storyboard */,
				F5B8E496232F2B02004E4148 /* Assets.xcassets */,
				F5B8E498232F2B02004E4148 /* LaunchScreen.storyboard */,
				F5B8E49B232F2B02004E4148 /* Info.plist */,
			);
			path = WTKNetDemo;
			sourceTree = "<group>";
		};
		F5B8E4A3232F2B02004E4148 /* WTKNetDemoTests */ = {
			isa = PBXGroup;
			children = (
				F5B8E4A4232F2B02004E4148 /* WTKNetDemoTests.swift */,
				F5B8E4A6232F2B02004E4148 /* Info.plist */,
			);
			path = WTKNetDemoTests;
			sourceTree = "<group>";
		};
		F5B8E4AE232F2B02004E4148 /* WTKNetDemoUITests */ = {
			isa = PBXGroup;
			children = (
				F5B8E4AF232F2B02004E4148 /* WTKNetDemoUITests.swift */,
				F5B8E4B1232F2B02004E4148 /* Info.plist */,
			);
			path = WTKNetDemoUITests;
			sourceTree = "<group>";
		};
		F90FDBA41545CB8AFE20E2D3 /* Frameworks */ = {
			isa = PBXGroup;
			children = (
				F86E3956ED32A7FA8B4D102B /* Pods_WTKNetDemo.framework */,
			);
			name = Frameworks;
			sourceTree = "<group>";
		};
/* End PBXGroup section */

/* Begin PBXNativeTarget section */
		F5B8E48B232F2B00004E4148 /* WTKNetDemo */ = {
			isa = PBXNativeTarget;
			buildConfigurationList = F5B8E4B4232F2B02004E4148 /* Build configuration list for PBXNativeTarget "WTKNetDemo" */;
			buildPhases = (
				BA8F2164C08FFA5EE2A62E63 /* [CP] Check Pods Manifest.lock */,
				F5B8E488232F2B00004E4148 /* Sources */,
				F5B8E489232F2B00004E4148 /* Frameworks */,
				F5B8E48A232F2B00004E4148 /* Resources */,
				262FF7D4EF0CBEC879D40CFB /* [CP] Embed Pods Frameworks */,
			);
			buildRules = (
			);
			dependencies = (
			);
			name = WTKNetDemo;
			productName = WTKNetDemo;
			productReference = F5B8E48C232F2B00004E4148 /* WTKNetDemo.app */;
			productType = "com.apple.product-type.application";
		};
		F5B8E49F232F2B02004E4148 /* WTKNetDemoTests */ = {
			isa = PBXNativeTarget;
			buildConfigurationList = F5B8E4B7232F2B02004E4148 /* Build configuration list for PBXNativeTarget "WTKNetDemoTests" */;
			buildPhases = (
				F5B8E49C232F2B02004E4148 /* Sources */,
				F5B8E49D232F2B02004E4148 /* Frameworks */,
				F5B8E49E232F2B02004E4148 /* Resources */,
			);
			buildRules = (
			);
			dependencies = (
				F5B8E4A2232F2B02004E4148 /* PBXTargetDependency */,
			);
			name = WTKNetDemoTests;
			productName = WTKNetDemoTests;
			productReference = F5B8E4A0232F2B02004E4148 /* WTKNetDemoTests.xctest */;
			productType = "com.apple.product-type.bundle.unit-test";
		};
		F5B8E4AA232F2B02004E4148 /* WTKNetDemoUITests */ = {
			isa = PBXNativeTarget;
			buildConfigurationList = F5B8E4BA232F2B02004E4148 /* Build configuration list for PBXNativeTarget "WTKNetDemoUITests" */;
			buildPhases = (
				F5B8E4A7232F2B02004E4148 /* Sources */,
				F5B8E4A8232F2B02004E4148 /* Frameworks */,
				F5B8E4A9232F2B02004E4148 /* Resources */,
			);
			buildRules = (
			);
			dependencies = (
				F5B8E4AD232F2B02004E4148 /* PBXTargetDependency */,
			);
			name = WTKNetDemoUITests;
			productName = WTKNetDemoUITests;
			productReference = F5B8E4AB232F2B02004E4148 /* WTKNetDemoUITests.xctest */;
			productType = "com.apple.product-type.bundle.ui-testing";
		};
/* End PBXNativeTarget section */

/* Begin PBXProject section */
		F5B8E484232F2B00004E4148 /* Project object */ = {
			isa = PBXProject;
			attributes = {
				LastSwiftUpdateCheck = 1020;
				LastUpgradeCheck = 1020;
				ORGANIZATIONNAME = "王同科";
				TargetAttributes = {
					F5B8E48B232F2B00004E4148 = {
						CreatedOnToolsVersion = 10.2.1;
					};
					F5B8E49F232F2B02004E4148 = {
						CreatedOnToolsVersion = 10.2.1;
						TestTargetID = F5B8E48B232F2B00004E4148;
					};
					F5B8E4AA232F2B02004E4148 = {
						CreatedOnToolsVersion = 10.2.1;
						TestTargetID = F5B8E48B232F2B00004E4148;
					};
				};
			};
			buildConfigurationList = F5B8E487232F2B00004E4148 /* Build configuration list for PBXProject "WTKNetDemo" */;
			compatibilityVersion = "Xcode 9.3";
			developmentRegion = en;
			hasScannedForEncodings = 0;
			knownRegions = (
				en,
				Base,
			);
			mainGroup = F5B8E483232F2B00004E4148;
			productRefGroup = F5B8E48D232F2B00004E4148 /* Products */;
			projectDirPath = "";
			projectRoot = "";
			targets = (
				F5B8E48B232F2B00004E4148 /* WTKNetDemo */,
				F5B8E49F232F2B02004E4148 /* WTKNetDemoTests */,
				F5B8E4AA232F2B02004E4148 /* WTKNetDemoUITests */,
			);
		};
/* End PBXProject section */

/* Begin PBXResourcesBuildPhase section */
		F5B8E48A232F2B00004E4148 /* Resources */ = {
			isa = PBXResourcesBuildPhase;
			buildActionMask = 2147483647;
			files = (
				F5B8E49A232F2B02004E4148 /* LaunchScreen.storyboard in Resources */,
				F5B8E4C0232F2D1D004E4148 /* SocketViewController.xib in Resources */,
				F5B8E497232F2B02004E4148 /* Assets.xcassets in Resources */,
				F5B8E495232F2B00004E4148 /* Main.storyboard in Resources */,
			);
			runOnlyForDeploymentPostprocessing = 0;
		};
		F5B8E49E232F2B02004E4148 /* Resources */ = {
			isa = PBXResourcesBuildPhase;
			buildActionMask = 2147483647;
			files = (
			);
			runOnlyForDeploymentPostprocessing = 0;
		};
		F5B8E4A9232F2B02004E4148 /* Resources */ = {
			isa = PBXResourcesBuildPhase;
			buildActionMask = 2147483647;
			files = (
			);
			runOnlyForDeploymentPostprocessing = 0;
		};
/* End PBXResourcesBuildPhase section */

/* Begin PBXShellScriptBuildPhase section */
		262FF7D4EF0CBEC879D40CFB /* [CP] Embed Pods Frameworks */ = {
			isa = PBXShellScriptBuildPhase;
			buildActionMask = 2147483647;
			files = (
			);
			inputFileListPaths = (
				"${PODS_ROOT}/Target Support Files/Pods-WTKNetDemo/Pods-WTKNetDemo-frameworks-${CONFIGURATION}-input-files.xcfilelist",
			);
			name = "[CP] Embed Pods Frameworks";
			outputFileListPaths = (
				"${PODS_ROOT}/Target Support Files/Pods-WTKNetDemo/Pods-WTKNetDemo-frameworks-${CONFIGURATION}-output-files.xcfilelist",
			);
			runOnlyForDeploymentPostprocessing = 0;
			shellPath = /bin/sh;
			shellScript = "\"${PODS_ROOT}/Target Support Files/Pods-WTKNetDemo/Pods-WTKNetDemo-frameworks.sh\"\n";
			showEnvVarsInLog = 0;
		};
		BA8F2164C08FFA5EE2A62E63 /* [CP] Check Pods Manifest.lock */ = {
			isa = PBXShellScriptBuildPhase;
			buildActionMask = 2147483647;
			files = (
			);
			inputFileListPaths = (
			);
			inputPaths = (
				"${PODS_PODFILE_DIR_PATH}/Podfile.lock",
				"${PODS_ROOT}/Manifest.lock",
			);
			name = "[CP] Check Pods Manifest.lock";
			outputFileListPaths = (
			);
			outputPaths = (
				"$(DERIVED_FILE_DIR)/Pods-WTKNetDemo-checkManifestLockResult.txt",
			);
			runOnlyForDeploymentPostprocessing = 0;
			shellPath = /bin/sh;
			shellScript = "diff \"${PODS_PODFILE_DIR_PATH}/Podfile.lock\" \"${PODS_ROOT}/Manifest.lock\" > /dev/null\nif [ $? != 0 ] ; then\n    # print error to STDERR\n    echo \"error: The sandbox is not in sync with the Podfile.lock. Run 'pod install' or update your CocoaPods installation.\" >&2\n    exit 1\nfi\n# This output is used by Xcode 'outputs' to avoid re-running this script phase.\necho \"SUCCESS\" > \"${SCRIPT_OUTPUT_FILE_0}\"\n";
			showEnvVarsInLog = 0;
		};
/* End PBXShellScriptBuildPhase section */

/* Begin PBXSourcesBuildPhase section */
		F5B8E488232F2B00004E4148 /* Sources */ = {
			isa = PBXSourcesBuildPhase;
			buildActionMask = 2147483647;
			files = (
				F5B8E492232F2B00004E4148 /* ViewController.swift in Sources */,
				F5B8E4BF232F2D1D004E4148 /* SocketViewController.swift in Sources */,
				F5B8E490232F2B00004E4148 /* AppDelegate.swift in Sources */,
				F5E6FF792330B9F300525DE9 /* WTKSocketTool.swift in Sources */,
			);
			runOnlyForDeploymentPostprocessing = 0;
		};
		F5B8E49C232F2B02004E4148 /* Sources */ = {
			isa = PBXSourcesBuildPhase;
			buildActionMask = 2147483647;
			files = (
				F5B8E4A5232F2B02004E4148 /* WTKNetDemoTests.swift in Sources */,
			);
			runOnlyForDeploymentPostprocessing = 0;
		};
		F5B8E4A7232F2B02004E4148 /* Sources */ = {
			isa = PBXSourcesBuildPhase;
			buildActionMask = 2147483647;
			files = (
				F5B8E4B0232F2B02004E4148 /* WTKNetDemoUITests.swift in Sources */,
			);
			runOnlyForDeploymentPostprocessing = 0;
		};
/* End PBXSourcesBuildPhase section */

/* Begin PBXTargetDependency section */
		F5B8E4A2232F2B02004E4148 /* PBXTargetDependency */ = {
			isa = PBXTargetDependency;
			target = F5B8E48B232F2B00004E4148 /* WTKNetDemo */;
			targetProxy = F5B8E4A1232F2B02004E4148 /* PBXContainerItemProxy */;
		};
		F5B8E4AD232F2B02004E4148 /* PBXTargetDependency */ = {
			isa = PBXTargetDependency;
			target = F5B8E48B232F2B00004E4148 /* WTKNetDemo */;
			targetProxy = F5B8E4AC232F2B02004E4148 /* PBXContainerItemProxy */;
		};
/* End PBXTargetDependency section */

/* Begin PBXVariantGroup section */
		F5B8E493232F2B00004E4148 /* Main.storyboard */ = {
			isa = PBXVariantGroup;
			children = (
				F5B8E494232F2B00004E4148 /* Base */,
			);
			name = Main.storyboard;
			sourceTree = "<group>";
		};
		F5B8E498232F2B02004E4148 /* LaunchScreen.storyboard */ = {
			isa = PBXVariantGroup;
			children = (
				F5B8E499232F2B02004E4148 /* Base */,
			);
			name = LaunchScreen.storyboard;
			sourceTree = "<group>";
		};
/* End PBXVariantGroup section */

/* Begin XCBuildConfiguration section */
		F5B8E4B2232F2B02004E4148 /* Debug */ = {
			isa = XCBuildConfiguration;
			buildSettings = {
				ALWAYS_SEARCH_USER_PATHS = NO;
				CLANG_ANALYZER_NONNULL = YES;
				CLANG_ANALYZER_NUMBER_OBJECT_CONVERSION = YES_AGGRESSIVE;
				CLANG_CXX_LANGUAGE_STANDARD = "gnu++14";
				CLANG_CXX_LIBRARY = "libc++";
				CLANG_ENABLE_MODULES = YES;
				CLANG_ENABLE_OBJC_ARC = YES;
				CLANG_ENABLE_OBJC_WEAK = YES;
				CLANG_WARN_BLOCK_CAPTURE_AUTORELEASING = YES;
				CLANG_WARN_BOOL_CONVERSION = YES;
				CLANG_WARN_COMMA = YES;
				CLANG_WARN_CONSTANT_CONVERSION = YES;
				CLANG_WARN_DEPRECATED_OBJC_IMPLEMENTATIONS = YES;
				CLANG_WARN_DIRECT_OBJC_ISA_USAGE = YES_ERROR;
				CLANG_WARN_DOCUMENTATION_COMMENTS = YES;
				CLANG_WARN_EMPTY_BODY = YES;
				CLANG_WARN_ENUM_CONVERSION = YES;
				CLANG_WARN_INFINITE_RECURSION = YES;
				CLANG_WARN_INT_CONVERSION = YES;
				CLANG_WARN_NON_LITERAL_NULL_CONVERSION = YES;
				CLANG_WARN_OBJC_IMPLICIT_RETAIN_SELF = YES;
				CLANG_WARN_OBJC_LITERAL_CONVERSION = YES;
				CLANG_WARN_OBJC_ROOT_CLASS = YES_ERROR;
				CLANG_WARN_RANGE_LOOP_ANALYSIS = YES;
				CLANG_WARN_STRICT_PROTOTYPES = YES;
				CLANG_WARN_SUSPICIOUS_MOVE = YES;
				CLANG_WARN_UNGUARDED_AVAILABILITY = YES_AGGRESSIVE;
				CLANG_WARN_UNREACHABLE_CODE = YES;
				CLANG_WARN__DUPLICATE_METHOD_MATCH = YES;
				CODE_SIGN_IDENTITY = "iPhone Developer";
				COPY_PHASE_STRIP = NO;
				DEBUG_INFORMATION_FORMAT = dwarf;
				ENABLE_STRICT_OBJC_MSGSEND = YES;
				ENABLE_TESTABILITY = YES;
				GCC_C_LANGUAGE_STANDARD = gnu11;
				GCC_DYNAMIC_NO_PIC = NO;
				GCC_NO_COMMON_BLOCKS = YES;
				GCC_OPTIMIZATION_LEVEL = 0;
				GCC_PREPROCESSOR_DEFINITIONS = (
					"DEBUG=1",
					"$(inherited)",
				);
				GCC_WARN_64_TO_32_BIT_CONVERSION = YES;
				GCC_WARN_ABOUT_RETURN_TYPE = YES_ERROR;
				GCC_WARN_UNDECLARED_SELECTOR = YES;
				GCC_WARN_UNINITIALIZED_AUTOS = YES_AGGRESSIVE;
				GCC_WARN_UNUSED_FUNCTION = YES;
				GCC_WARN_UNUSED_VARIABLE = YES;
				IPHONEOS_DEPLOYMENT_TARGET = 12.2;
				MTL_ENABLE_DEBUG_INFO = INCLUDE_SOURCE;
				MTL_FAST_MATH = YES;
				ONLY_ACTIVE_ARCH = YES;
				SDKROOT = iphoneos;
				SWIFT_ACTIVE_COMPILATION_CONDITIONS = DEBUG;
				SWIFT_OPTIMIZATION_LEVEL = "-Onone";
			};
			name = Debug;
		};
		F5B8E4B3232F2B02004E4148 /* Release */ = {
			isa = XCBuildConfiguration;
			buildSettings = {
				ALWAYS_SEARCH_USER_PATHS = NO;
				CLANG_ANALYZER_NONNULL = YES;
				CLANG_ANALYZER_NUMBER_OBJECT_CONVERSION = YES_AGGRESSIVE;
				CLANG_CXX_LANGUAGE_STANDARD = "gnu++14";
				CLANG_CXX_LIBRARY = "libc++";
				CLANG_ENABLE_MODULES = YES;
				CLANG_ENABLE_OBJC_ARC = YES;
				CLANG_ENABLE_OBJC_WEAK = YES;
				CLANG_WARN_BLOCK_CAPTURE_AUTORELEASING = YES;
				CLANG_WARN_BOOL_CONVERSION = YES;
				CLANG_WARN_COMMA = YES;
				CLANG_WARN_CONSTANT_CONVERSION = YES;
				CLANG_WARN_DEPRECATED_OBJC_IMPLEMENTATIONS = YES;
				CLANG_WARN_DIRECT_OBJC_ISA_USAGE = YES_ERROR;
				CLANG_WARN_DOCUMENTATION_COMMENTS = YES;
				CLANG_WARN_EMPTY_BODY = YES;
				CLANG_WARN_ENUM_CONVERSION = YES;
				CLANG_WARN_INFINITE_RECURSION = YES;
				CLANG_WARN_INT_CONVERSION = YES;
				CLANG_WARN_NON_LITERAL_NULL_CONVERSION = YES;
				CLANG_WARN_OBJC_IMPLICIT_RETAIN_SELF = YES;
				CLANG_WARN_OBJC_LITERAL_CONVERSION = YES;
				CLANG_WARN_OBJC_ROOT_CLASS = YES_ERROR;
				CLANG_WARN_RANGE_LOOP_ANALYSIS = YES;
				CLANG_WARN_STRICT_PROTOTYPES = YES;
				CLANG_WARN_SUSPICIOUS_MOVE = YES;
				CLANG_WARN_UNGUARDED_AVAILABILITY = YES_AGGRESSIVE;
				CLANG_WARN_UNREACHABLE_CODE = YES;
				CLANG_WARN__DUPLICATE_METHOD_MATCH = YES;
				CODE_SIGN_IDENTITY = "iPhone Developer";
				COPY_PHASE_STRIP = NO;
				DEBUG_INFORMATION_FORMAT = "dwarf-with-dsym";
				ENABLE_NS_ASSERTIONS = NO;
				ENABLE_STRICT_OBJC_MSGSEND = YES;
				GCC_C_LANGUAGE_STANDARD = gnu11;
				GCC_NO_COMMON_BLOCKS = YES;
				GCC_WARN_64_TO_32_BIT_CONVERSION = YES;
				GCC_WARN_ABOUT_RETURN_TYPE = YES_ERROR;
				GCC_WARN_UNDECLARED_SELECTOR = YES;
				GCC_WARN_UNINITIALIZED_AUTOS = YES_AGGRESSIVE;
				GCC_WARN_UNUSED_FUNCTION = YES;
				GCC_WARN_UNUSED_VARIABLE = YES;
				IPHONEOS_DEPLOYMENT_TARGET = 12.2;
				MTL_ENABLE_DEBUG_INFO = NO;
				MTL_FAST_MATH = YES;
				SDKROOT = iphoneos;
				SWIFT_COMPILATION_MODE = wholemodule;
				SWIFT_OPTIMIZATION_LEVEL = "-O";
				VALIDATE_PRODUCT = YES;
			};
			name = Release;
		};
		F5B8E4B5232F2B02004E4148 /* Debug */ = {
			isa = XCBuildConfiguration;
			baseConfigurationReference = 928D94A4A8A70D05C98D3CC7 /* Pods-WTKNetDemo.debug.xcconfig */;
			buildSettings = {
				ASSETCATALOG_COMPILER_APPICON_NAME = AppIcon;
				CODE_SIGN_STYLE = Automatic;
				DEVELOPMENT_TEAM = J969F42JW8;
				INFOPLIST_FILE = WTKNetDemo/Info.plist;
				IPHONEOS_DEPLOYMENT_TARGET = 10.0;
				LD_RUNPATH_SEARCH_PATHS = (
					"$(inherited)",
					"@executable_path/Frameworks",
				);
				PRODUCT_BUNDLE_IDENTIFIER = com.wangtongke.WTKNetDemo;
				PRODUCT_NAME = "$(TARGET_NAME)";
				SWIFT_VERSION = 5.0;
				TARGETED_DEVICE_FAMILY = "1,2";
			};
			name = Debug;
		};
		F5B8E4B6232F2B02004E4148 /* Release */ = {
			isa = XCBuildConfiguration;
			baseConfigurationReference = 23C37C6899C327799444EE28 /* Pods-WTKNetDemo.release.xcconfig */;
			buildSettings = {
				ASSETCATALOG_COMPILER_APPICON_NAME = AppIcon;
				CODE_SIGN_STYLE = Automatic;
				DEVELOPMENT_TEAM = J969F42JW8;
				INFOPLIST_FILE = WTKNetDemo/Info.plist;
				IPHONEOS_DEPLOYMENT_TARGET = 10.0;
				LD_RUNPATH_SEARCH_PATHS = (
					"$(inherited)",
					"@executable_path/Frameworks",
				);
				PRODUCT_BUNDLE_IDENTIFIER = com.wangtongke.WTKNetDemo;
				PRODUCT_NAME = "$(TARGET_NAME)";
				SWIFT_VERSION = 5.0;
				TARGETED_DEVICE_FAMILY = "1,2";
			};
			name = Release;
		};
		F5B8E4B8232F2B02004E4148 /* Debug */ = {
			isa = XCBuildConfiguration;
			buildSettings = {
				ALWAYS_EMBED_SWIFT_STANDARD_LIBRARIES = YES;
				BUNDLE_LOADER = "$(TEST_HOST)";
				CODE_SIGN_STYLE = Automatic;
				INFOPLIST_FILE = WTKNetDemoTests/Info.plist;
				LD_RUNPATH_SEARCH_PATHS = (
					"$(inherited)",
					"@executable_path/Frameworks",
					"@loader_path/Frameworks",
				);
				PRODUCT_BUNDLE_IDENTIFIER = com.wangtongke.WTKNetDemoTests;
				PRODUCT_NAME = "$(TARGET_NAME)";
				SWIFT_VERSION = 5.0;
				TARGETED_DEVICE_FAMILY = "1,2";
				TEST_HOST = "$(BUILT_PRODUCTS_DIR)/WTKNetDemo.app/WTKNetDemo";
			};
			name = Debug;
		};
		F5B8E4B9232F2B02004E4148 /* Release */ = {
			isa = XCBuildConfiguration;
			buildSettings = {
				ALWAYS_EMBED_SWIFT_STANDARD_LIBRARIES = YES;
				BUNDLE_LOADER = "$(TEST_HOST)";
				CODE_SIGN_STYLE = Automatic;
				INFOPLIST_FILE = WTKNetDemoTests/Info.plist;
				LD_RUNPATH_SEARCH_PATHS = (
					"$(inherited)",
					"@executable_path/Frameworks",
					"@loader_path/Frameworks",
				);
				PRODUCT_BUNDLE_IDENTIFIER = com.wangtongke.WTKNetDemoTests;
				PRODUCT_NAME = "$(TARGET_NAME)";
				SWIFT_VERSION = 5.0;
				TARGETED_DEVICE_FAMILY = "1,2";
				TEST_HOST = "$(BUILT_PRODUCTS_DIR)/WTKNetDemo.app/WTKNetDemo";
			};
			name = Release;
		};
		F5B8E4BB232F2B02004E4148 /* Debug */ = {
			isa = XCBuildConfiguration;
			buildSettings = {
				ALWAYS_EMBED_SWIFT_STANDARD_LIBRARIES = YES;
				CODE_SIGN_STYLE = Automatic;
				INFOPLIST_FILE = WTKNetDemoUITests/Info.plist;
				LD_RUNPATH_SEARCH_PATHS = (
					"$(inherited)",
					"@executable_path/Frameworks",
					"@loader_path/Frameworks",
				);
				PRODUCT_BUNDLE_IDENTIFIER = com.wangtongke.WTKNetDemoUITests;
				PRODUCT_NAME = "$(TARGET_NAME)";
				SWIFT_VERSION = 5.0;
				TARGETED_DEVICE_FAMILY = "1,2";
				TEST_TARGET_NAME = WTKNetDemo;
			};
			name = Debug;
		};
		F5B8E4BC232F2B02004E4148 /* Release */ = {
			isa = XCBuildConfiguration;
			buildSettings = {
				ALWAYS_EMBED_SWIFT_STANDARD_LIBRARIES = YES;
				CODE_SIGN_STYLE = Automatic;
				INFOPLIST_FILE = WTKNetDemoUITests/Info.plist;
				LD_RUNPATH_SEARCH_PATHS = (
					"$(inherited)",
					"@executable_path/Frameworks",
					"@loader_path/Frameworks",
				);
				PRODUCT_BUNDLE_IDENTIFIER = com.wangtongke.WTKNetDemoUITests;
				PRODUCT_NAME = "$(TARGET_NAME)";
				SWIFT_VERSION = 5.0;
				TARGETED_DEVICE_FAMILY = "1,2";
				TEST_TARGET_NAME = WTKNetDemo;
			};
			name = Release;
		};
/* End XCBuildConfiguration section */

/* Begin XCConfigurationList section */
		F5B8E487232F2B00004E4148 /* Build configuration list for PBXProject "WTKNetDemo" */ = {
			isa = XCConfigurationList;
			buildConfigurations = (
				F5B8E4B2232F2B02004E4148 /* Debug */,
				F5B8E4B3232F2B02004E4148 /* Release */,
			);
			defaultConfigurationIsVisible = 0;
			defaultConfigurationName = Release;
		};
		F5B8E4B4232F2B02004E4148 /* Build configuration list for PBXNativeTarget "WTKNetDemo" */ = {
			isa = XCConfigurationList;
			buildConfigurations = (
				F5B8E4B5232F2B02004E4148 /* Debug */,
				F5B8E4B6232F2B02004E4148 /* Release */,
			);
			defaultConfigurationIsVisible = 0;
			defaultConfigurationName = Release;
		};
		F5B8E4B7232F2B02004E4148 /* Build configuration list for PBXNativeTarget "WTKNetDemoTests" */ = {
			isa = XCConfigurationList;
			buildConfigurations = (
				F5B8E4B8232F2B02004E4148 /* Debug */,
				F5B8E4B9232F2B02004E4148 /* Release */,
			);
			defaultConfigurationIsVisible = 0;
			defaultConfigurationName = Release;
		};
		F5B8E4BA232F2B02004E4148 /* Build configuration list for PBXNativeTarget "WTKNetDemoUITests" */ = {
			isa = XCConfigurationList;
			buildConfigurations = (
				F5B8E4BB232F2B02004E4148 /* Debug */,
				F5B8E4BC232F2B02004E4148 /* Release */,
			);
			defaultConfigurationIsVisible = 0;
			defaultConfigurationName = Release;
		};
/* End XCConfigurationList section */
	};
	rootObject = F5B8E484232F2B00004E4148 /* Project object */;
}
